
Microsoft Visual Studio Solution File, Format Version 12.00
# Visual Studio Version 17
VisualStudioVersion = 17.4.33213.308
MinimumVisualStudioVersion = 10.0.40219.1
Project("{9A19103F-16F7-4668-BE54-9A1E7A4F7556}") = "PayCoreAPI", "PayCoreAPI\PayCoreAPI.csproj", "{698223F7-6924-43C7-B05F-40340F1A53E4}"
EndProject
Global
	GlobalSection(SolutionConfigurationPlatforms) = preSolution
		Debug|Any CPU = Debug|Any CPU
		Release|Any CPU = Release|Any CPU
	EndGlobalSection
	GlobalSection(ProjectConfigurationPlatforms) = postSolution
		{698223F7-6924-43C7-B05F-40340F1A53E4}.Debug|Any CPU.ActiveCfg = Debug|Any CPU
		{698223F7-6924-43C7-B05F-40340F1A53E4}.Debug|Any CPU.Build.0 = Debug|Any CPU
		{698223F7-6924-43C7-B05F-40340F1A53E4}.Release|Any CPU.ActiveCfg = Release|Any CPU
		{698223F7-6924-43C7-B05F-40340F1A53E4}.Release|Any CPU.Build.0 = Release|Any CPU
	EndGlobalSection
	GlobalSection(SolutionProperties) = preSolution
		HideSolutionNode = FALSE
	EndGlobalSection
	GlobalSection(ExtensibilityGlobals) = postSolution
		SolutionGuid = {222E632B-1C3A-45CA-ACB1-F8B366614EE8}
	EndGlobalSection
EndGlobal
